
Microsoft Visual Studio Solution File, Format Version 12.00
# Visual Studio 2012
Project("{FAE04EC0-301F-11D3-BF4B-00C04F79EFBC}") = "FantasyFootballRobot.Core", "FantasyFootballRobot.Core\FantasyFootballRobot.Core.csproj", "{C618F3E3-1FAF-477C-B5F6-5EA8B51F080C}"
EndProject
Project("{FAE04EC0-301F-11D3-BF4B-00C04F79EFBC}") = "FantasyFootballRobot.Tests", "FantasyFootballRobot.Tests\FantasyFootballRobot.Tests.csproj", "{0146897E-89E6-4E12-92CC-40445A54BB72}"
EndProject
Project("{FAE04EC0-301F-11D3-BF4B-00C04F79EFBC}") = "FantasyFootballRobot.IntegrationTests", "FantasyFootballRobot.IntegrationTests\FantasyFootballRobot.IntegrationTests.csproj", "{B4698C76-23A5-461E-B928-8AF24269069A}"
EndProject
Project("{FAE04EC0-301F-11D3-BF4B-00C04F79EFBC}") = "FantasyFootballRobot.Console", "FantasyFootballRobot.Console\FantasyFootballRobot.Console.csproj", "{1313AC0B-B8CF-4C23-93DF-767ABA85C180}"
EndProject
Project("{2150E333-8FDC-42A3-9474-1A3956D46DE8}") = ".nuget", ".nuget", "{A16B516B-D915-45AA-9A9F-76DD3673DD83}"
	ProjectSection(SolutionItems) = preProject
		.nuget\NuGet.Config = .nuget\NuGet.Config
		.nuget\NuGet.exe = .nuget\NuGet.exe
		.nuget\NuGet.targets = .nuget\NuGet.targets
	EndProjectSection
EndProject
Global
	GlobalSection(SolutionConfigurationPlatforms) = preSolution
		Debug|Any CPU = Debug|Any CPU
		Debug|Mixed Platforms = Debug|Mixed Platforms
		Debug|x86 = Debug|x86
		Release|Any CPU = Release|Any CPU
		Release|Mixed Platforms = Release|Mixed Platforms
		Release|x86 = Release|x86
	EndGlobalSection
	GlobalSection(ProjectConfigurationPlatforms) = postSolution
		{C618F3E3-1FAF-477C-B5F6-5EA8B51F080C}.Debug|Any CPU.ActiveCfg = Debug|Any CPU
		{C618F3E3-1FAF-477C-B5F6-5EA8B51F080C}.Debug|Any CPU.Build.0 = Debug|Any CPU
		{C618F3E3-1FAF-477C-B5F6-5EA8B51F080C}.Debug|Mixed Platforms.ActiveCfg = Debug|Any CPU
		{C618F3E3-1FAF-477C-B5F6-5EA8B51F080C}.Debug|Mixed Platforms.Build.0 = Debug|Any CPU
		{C618F3E3-1FAF-477C-B5F6-5EA8B51F080C}.Debug|x86.ActiveCfg = Debug|Any CPU
		{C618F3E3-1FAF-477C-B5F6-5EA8B51F080C}.Release|Any CPU.ActiveCfg = Release|Any CPU
		{C618F3E3-1FAF-477C-B5F6-5EA8B51F080C}.Release|Any CPU.Build.0 = Release|Any CPU
		{C618F3E3-1FAF-477C-B5F6-5EA8B51F080C}.Release|Mixed Platforms.ActiveCfg = Release|Any CPU
		{C618F3E3-1FAF-477C-B5F6-5EA8B51F080C}.Release|Mixed Platforms.Build.0 = Release|Any CPU
		{C618F3E3-1FAF-477C-B5F6-5EA8B51F080C}.Release|x86.ActiveCfg = Release|Any CPU
		{0146897E-89E6-4E12-92CC-40445A54BB72}.Debug|Any CPU.ActiveCfg = Debug|Any CPU
		{0146897E-89E6-4E12-92CC-40445A54BB72}.Debug|Any CPU.Build.0 = Debug|Any CPU
		{0146897E-89E6-4E12-92CC-40445A54BB72}.Debug|Mixed Platforms.ActiveCfg = Debug|Any CPU
		{0146897E-89E6-4E12-92CC-40445A54BB72}.Debug|Mixed Platforms.Build.0 = Debug|Any CPU
		{0146897E-89E6-4E12-92CC-40445A54BB72}.Debug|x86.ActiveCfg = Debug|Any CPU
		{0146897E-89E6-4E12-92CC-40445A54BB72}.Release|Any CPU.ActiveCfg = Release|Any CPU
		{0146897E-89E6-4E12-92CC-40445A54BB72}.Release|Any CPU.Build.0 = Release|Any CPU
		{0146897E-89E6-4E12-92CC-40445A54BB72}.Release|Mixed Platforms.ActiveCfg = Release|Any CPU
		{0146897E-89E6-4E12-92CC-40445A54BB72}.Release|Mixed Platforms.Build.0 = Release|Any CPU
		{0146897E-89E6-4E12-92CC-40445A54BB72}.Release|x86.ActiveCfg = Release|Any CPU
		{B4698C76-23A5-461E-B928-8AF24269069A}.Debug|Any CPU.ActiveCfg = Debug|Any CPU
		{B4698C76-23A5-461E-B928-8AF24269069A}.Debug|Any CPU.Build.0 = Debug|Any CPU
		{B4698C76-23A5-461E-B928-8AF24269069A}.Debug|Mixed Platforms.ActiveCfg = Debug|Any CPU
		{B4698C76-23A5-461E-B928-8AF24269069A}.Debug|Mixed Platforms.Build.0 = Debug|Any CPU
		{B4698C76-23A5-461E-B928-8AF24269069A}.Debug|x86.ActiveCfg = Debug|Any CPU
		{B4698C76-23A5-461E-B928-8AF24269069A}.Release|Any CPU.ActiveCfg = Release|Any CPU
		{B4698C76-23A5-461E-B928-8AF24269069A}.Release|Any CPU.Build.0 = Release|Any CPU
		{B4698C76-23A5-461E-B928-8AF24269069A}.Release|Mixed Platforms.ActiveCfg = Release|Any CPU
		{B4698C76-23A5-461E-B928-8AF24269069A}.Release|Mixed Platforms.Build.0 = Release|Any CPU
		{B4698C76-23A5-461E-B928-8AF24269069A}.Release|x86.ActiveCfg = Release|Any CPU
		{1313AC0B-B8CF-4C23-93DF-767ABA85C180}.Debug|Any CPU.ActiveCfg = Debug|x86
		{1313AC0B-B8CF-4C23-93DF-767ABA85C180}.Debug|Any CPU.Build.0 = Debug|x86
		{1313AC0B-B8CF-4C23-93DF-767ABA85C180}.Debug|Mixed Platforms.ActiveCfg = Debug|x86
		{1313AC0B-B8CF-4C23-93DF-767ABA85C180}.Debug|Mixed Platforms.Build.0 = Debug|x86
		{1313AC0B-B8CF-4C23-93DF-767ABA85C180}.Debug|x86.ActiveCfg = Debug|x86
		{1313AC0B-B8CF-4C23-93DF-767ABA85C180}.Debug|x86.Build.0 = Debug|x86
		{1313AC0B-B8CF-4C23-93DF-767ABA85C180}.Release|Any CPU.ActiveCfg = Release|x86
		{1313AC0B-B8CF-4C23-93DF-767ABA85C180}.Release|Mixed Platforms.ActiveCfg = Release|x86
		{1313AC0B-B8CF-4C23-93DF-767ABA85C180}.Release|Mixed Platforms.Build.0 = Release|x86
		{1313AC0B-B8CF-4C23-93DF-767ABA85C180}.Release|x86.ActiveCfg = Release|x86
		{1313AC0B-B8CF-4C23-93DF-767ABA85C180}.Release|x86.Build.0 = Release|x86
	EndGlobalSection
	GlobalSection(SolutionProperties) = preSolution
		HideSolutionNode = FALSE
	EndGlobalSection
	GlobalSection(ExtensibilityGlobals) = postSolution
		EnterpriseLibraryConfigurationToolBinariesPath = packages\Unity.2.1.505.0\lib\NET35
	EndGlobalSection
	GlobalSection(Performance) = preSolution
		HasPerformanceSessions = true
	EndGlobalSection
EndGlobal
